
Microsoft Visual Studio Solution File, Format Version 12.00
# Visual Studio Version 17
VisualStudioVersion = 17.2.32516.85
MinimumVisualStudioVersion = 10.0.40219.1
Project("{FAE04EC0-301F-11D3-BF4B-00C04F79EFBC}") = "ejercicio_4", "ejercicio_4\ejercicio_4.csproj", "{04C68D9A-2253-44B4-91F7-7179DA2ABD1D}"
EndProject
Global
	GlobalSection(SolutionConfigurationPlatforms) = preSolution
		Debug|Any CPU = Debug|Any CPU
		Release|Any CPU = Release|Any CPU
	EndGlobalSection
	GlobalSection(ProjectConfigurationPlatforms) = postSolution
		{04C68D9A-2253-44B4-91F7-7179DA2ABD1D}.Debug|Any CPU.ActiveCfg = Debug|Any CPU
		{04C68D9A-2253-44B4-91F7-7179DA2ABD1D}.Debug|Any CPU.Build.0 = Debug|Any CPU
		{04C68D9A-2253-44B4-91F7-7179DA2ABD1D}.Release|Any CPU.ActiveCfg = Release|Any CPU
		{04C68D9A-2253-44B4-91F7-7179DA2ABD1D}.Release|Any CPU.Build.0 = Release|Any CPU
	EndGlobalSection
	GlobalSection(SolutionProperties) = preSolution
		HideSolutionNode = FALSE
	EndGlobalSection
	GlobalSection(ExtensibilityGlobals) = postSolution
		SolutionGuid = {F680B683-99E6-47A6-BFF6-1B72686FE81B}
	EndGlobalSection
EndGlobal
